
Microsoft Visual Studio Solution File, Format Version 12.00
# Visual Studio Version 16
VisualStudioVersion = 16.0.30114.105
MinimumVisualStudioVersion = 10.0.40219.1
Project("{FAE04EC0-301F-11D3-BF4B-00C04F79EFBC}") = "HelloWorld_19003208", "HelloWorld_19003208\HelloWorld_19003208.csproj", "{F097E2E9-53D3-44E0-AE8F-8EC0CFF90E9D}"
EndProject
Global
	GlobalSection(SolutionConfigurationPlatforms) = preSolution
		Debug|Any CPU = Debug|Any CPU
		Release|Any CPU = Release|Any CPU
	EndGlobalSection
	GlobalSection(ProjectConfigurationPlatforms) = postSolution
		{F097E2E9-53D3-44E0-AE8F-8EC0CFF90E9D}.Debug|Any CPU.ActiveCfg = Debug|Any CPU
		{F097E2E9-53D3-44E0-AE8F-8EC0CFF90E9D}.Debug|Any CPU.Build.0 = Debug|Any CPU
		{F097E2E9-53D3-44E0-AE8F-8EC0CFF90E9D}.Release|Any CPU.ActiveCfg = Release|Any CPU
		{F097E2E9-53D3-44E0-AE8F-8EC0CFF90E9D}.Release|Any CPU.Build.0 = Release|Any CPU
	EndGlobalSection
	GlobalSection(SolutionProperties) = preSolution
		HideSolutionNode = FALSE
	EndGlobalSection
	GlobalSection(ExtensibilityGlobals) = postSolution
		SolutionGuid = {4F1612BD-F429-4AB8-B15C-7471AA1CDA14}
	EndGlobalSection
EndGlobal
